
Microsoft Visual Studio Solution File, Format Version 12.00
# Visual Studio Version 17
VisualStudioVersion = 17.14.36109.1 d17.14
MinimumVisualStudioVersion = 10.0.40219.1
Project("{FAE04EC0-301F-11D3-BF4B-00C04F79EFBC}") = "TlsLab", "TlsLab.csproj", "{AAC40190-B7DD-C6D3-ECF8-CCE7167C4C99}"
EndProject
Global
	GlobalSection(SolutionConfigurationPlatforms) = preSolution
		Debug|Any CPU = Debug|Any CPU
		Release|Any CPU = Release|Any CPU
	EndGlobalSection
	GlobalSection(ProjectConfigurationPlatforms) = postSolution
		{AAC40190-B7DD-C6D3-ECF8-CCE7167C4C99}.Debug|Any CPU.ActiveCfg = Debug|Any CPU
		{AAC40190-B7DD-C6D3-ECF8-CCE7167C4C99}.Debug|Any CPU.Build.0 = Debug|Any CPU
		{AAC40190-B7DD-C6D3-ECF8-CCE7167C4C99}.Release|Any CPU.ActiveCfg = Release|Any CPU
		{AAC40190-B7DD-C6D3-ECF8-CCE7167C4C99}.Release|Any CPU.Build.0 = Release|Any CPU
	EndGlobalSection
	GlobalSection(SolutionProperties) = preSolution
		HideSolutionNode = FALSE
	EndGlobalSection
	GlobalSection(ExtensibilityGlobals) = postSolution
		SolutionGuid = {EC3D9ED8-4972-4A3F-B094-FD3E6C789E1D}
	EndGlobalSection
EndGlobal
